
Microsoft Visual Studio Solution File, Format Version 12.00
# Visual Studio Version 17
VisualStudioVersion = 17.0.32112.339
MinimumVisualStudioVersion = 10.0.40219.1
Project("{FAE04EC0-301F-11D3-BF4B-00C04F79EFBC}") = "Knigochei", "Knigochei\Knigochei.csproj", "{8258AB03-3B6B-4A06-9515-5487D2185168}"
EndProject
Global
	GlobalSection(SolutionConfigurationPlatforms) = preSolution
		Debug|Any CPU = Debug|Any CPU
		Release|Any CPU = Release|Any CPU
	EndGlobalSection
	GlobalSection(ProjectConfigurationPlatforms) = postSolution
		{8258AB03-3B6B-4A06-9515-5487D2185168}.Debug|Any CPU.ActiveCfg = Debug|Any CPU
		{8258AB03-3B6B-4A06-9515-5487D2185168}.Debug|Any CPU.Build.0 = Debug|Any CPU
		{8258AB03-3B6B-4A06-9515-5487D2185168}.Release|Any CPU.ActiveCfg = Release|Any CPU
		{8258AB03-3B6B-4A06-9515-5487D2185168}.Release|Any CPU.Build.0 = Release|Any CPU
	EndGlobalSection
	GlobalSection(SolutionProperties) = preSolution
		HideSolutionNode = FALSE
	EndGlobalSection
	GlobalSection(ExtensibilityGlobals) = postSolution
		SolutionGuid = {A1DCC327-9679-41F8-AAF8-368E1EBFFE09}
	EndGlobalSection
EndGlobal
